<?xml version="1.0" encoding="utf-8"?>
<Project ToolsVersion="4.0" xmlns="http://schemas.microsoft.com/developer/msbuild/2003">
  <ItemGroup>
    <ClCompile Include="$(WEBOTS_HOME)\src\controller\cpp\TouchSensor.cpp">
      <Filter>Webots</Filter>
    </ClCompile>
    <ClCompile Include="$(WEBOTS_HOME)\src\controller\cpp\Accelerometer.cpp">
      <Filter>Webots</Filter>
    </ClCompile>
    <ClCompile Include="$(WEBOTS_HOME)\src\controller\cpp\Brake.cpp">
      <Filter>Webots</Filter>
    </ClCompile>
    <ClCompile Include="$(WEBOTS_HOME)\src\controller\cpp\Camera.cpp">
      <Filter>Webots</Filter>
    </ClCompile>
    <ClCompile Include="$(WEBOTS_HOME)\src\controller\cpp\Compass.cpp">
      <Filter>Webots</Filter>
    </ClCompile>
    <ClCompile Include="$(WEBOTS_HOME)\src\controller\cpp\Connector.cpp">
      <Filter>Webots</Filter>
    </ClCompile>
    <ClCompile Include="$(WEBOTS_HOME)\src\controller\cpp\Device.cpp">
      <Filter>Webots</Filter>
    </ClCompile>
    <ClCompile Include="$(WEBOTS_HOME)\src\controller\cpp\DifferentialWheels.cpp">
      <Filter>Webots</Filter>
    </ClCompile>
    <ClCompile Include="$(WEBOTS_HOME)\src\controller\cpp\Display.cpp">
      <Filter>Webots</Filter>
    </ClCompile>
    <ClCompile Include="$(WEBOTS_HOME)\src\controller\cpp\DistanceSensor.cpp">
      <Filter>Webots</Filter>
    </ClCompile>
    <ClCompile Include="$(WEBOTS_HOME)\src\controller\cpp\Emitter.cpp">
      <Filter>Webots</Filter>
    </ClCompile>
    <ClCompile Include="$(WEBOTS_HOME)\src\controller\cpp\Field.cpp">
      <Filter>Webots</Filter>
    </ClCompile>
    <ClCompile Include="$(WEBOTS_HOME)\src\controller\cpp\GPS.cpp">
      <Filter>Webots</Filter>
    </ClCompile>
    <ClCompile Include="$(WEBOTS_HOME)\src\controller\cpp\Gyro.cpp">
      <Filter>Webots</Filter>
    </ClCompile>
    <ClCompile Include="$(WEBOTS_HOME)\src\controller\cpp\InertialUnit.cpp">
      <Filter>Webots</Filter>
    </ClCompile>
    <ClCompile Include="$(WEBOTS_HOME)\src\controller\cpp\Joystick.cpp">
      <Filter>Webots</Filter>
    </ClCompile>
    <ClCompile Include="$(WEBOTS_HOME)\src\controller\cpp\Keyboard.cpp">
      <Filter>Webots</Filter>
    </ClCompile>
    <ClCompile Include="$(WEBOTS_HOME)\src\controller\cpp\LED.cpp">
      <Filter>Webots</Filter>
    </ClCompile>
    <ClCompile Include="$(WEBOTS_HOME)\src\controller\cpp\Lidar.cpp">
      <Filter>Webots</Filter>
    </ClCompile>
    <ClCompile Include="$(WEBOTS_HOME)\src\controller\cpp\LightSensor.cpp">
      <Filter>Webots</Filter>
    </ClCompile>
    <ClCompile Include="$(WEBOTS_HOME)\src\controller\cpp\Motion.cpp">
      <Filter>Webots</Filter>
    </ClCompile>
    <ClCompile Include="$(WEBOTS_HOME)\src\controller\cpp\Motor.cpp">
      <Filter>Webots</Filter>
    </ClCompile>
    <ClCompile Include="$(WEBOTS_HOME)\src\controller\cpp\Mouse.cpp">
      <Filter>Webots</Filter>
    </ClCompile>
    <ClCompile Include="$(WEBOTS_HOME)\src\controller\cpp\Node.cpp">
      <Filter>Webots</Filter>
    </ClCompile>
    <ClCompile Include="$(WEBOTS_HOME)\src\controller\cpp\Pen.cpp">
      <Filter>Webots</Filter>
    </ClCompile>
    <ClCompile Include="$(WEBOTS_HOME)\src\controller\cpp\PositionSensor.cpp">
      <Filter>Webots</Filter>
    </ClCompile>
    <ClCompile Include="$(WEBOTS_HOME)\src\controller\cpp\Radar.cpp">
      <Filter>Webots</Filter>
    </ClCompile>
    <ClCompile Include="$(WEBOTS_HOME)\src\controller\cpp\RangeFinder.cpp">
      <Filter>Webots</Filter>
    </ClCompile>
    <ClCompile Include="$(WEBOTS_HOME)\src\controller\cpp\Receiver.cpp">
      <Filter>Webots</Filter>
    </ClCompile>
    <ClCompile Include="$(WEBOTS_HOME)\src\controller\cpp\Robot.cpp">
      <Filter>Webots</Filter>
    </ClCompile>
    <ClCompile Include="$(WEBOTS_HOME)\src\controller\cpp\Skin.cpp">
      <Filter>Webots</Filter>
    </ClCompile>
    <ClCompile Include="$(WEBOTS_HOME)\src\controller\cpp\Speaker.cpp">
      <Filter>Webots</Filter>
    </ClCompile>
    <ClCompile Include="$(WEBOTS_HOME)\src\controller\cpp\Supervisor.cpp">
      <Filter>Webots</Filter>
    </ClCompile>
    <ClCompile Include="code\main.cpp">
      <Filter>Code</Filter>
    </ClCompile>
    <ClCompile Include="code\tile.cpp">
      <Filter>Code</Filter>
    </ClCompile>
    <ClCompile Include="code\victim.cpp">
      <Filter>Code</Filter>
    </ClCompile>
    <ClCompile Include="code\bfs.cpp">
      <Filter>Code</Filter>
    </ClCompile>
    <ClCompile Include="code\bot.cpp">
      <Filter>Code</Filter>
    </ClCompile>
  </ItemGroup>
  <ItemGroup>
    <Filter Include="Webots">
      <UniqueIdentifier>{51a12ec7-2bb4-4356-abb5-074941da7996}</UniqueIdentifier>
    </Filter>
    <Filter Include="Code">
      <UniqueIdentifier>{fe349506-af58-4b88-bb60-204db24ab3f3}</UniqueIdentifier>
    </Filter>
  </ItemGroup>
  <ItemGroup>
    <ClInclude Include="code\tile.h">
      <Filter>Code</Filter>
    </ClInclude>
    <ClInclude Include="code\victim.h">
      <Filter>Code</Filter>
    </ClInclude>
    <ClInclude Include="code\bfs.h">
      <Filter>Code</Filter>
    </ClInclude>
    <ClInclude Include="code\bot.h">
      <Filter>Code</Filter>
    </ClInclude>
    <ClInclude Include="code\lib.h">
      <Filter>Code</Filter>
    </ClInclude>
  </ItemGroup>
</Project>